// !$*UTF8*$!
{
	archiveVersion = 1;
	classes = {
	};
	objectVersion = 50;
	objects = {

/* Begin PBXBuildFile section */
		4801F73F235AA70F0002211D /* NewsFeedService.swift in Sources */ = {isa = PBXBuildFile; fileRef = 4801F73E235AA70F0002211D /* NewsFeedService.swift */; };
		4801F741235AB15B0002211D /* User.swift in Sources */ = {isa = PBXBuildFile; fileRef = 4801F740235AB15B0002211D /* User.swift */; };
		48055B07231617CC00562F5B /* SignUpViewController.swift in Sources */ = {isa = PBXBuildFile; fileRef = 48055B06231617CC00562F5B /* SignUpViewController.swift */; };
		48055B09231617D900562F5B /* Auth.storyboard in Resources */ = {isa = PBXBuildFile; fileRef = 48055B08231617D900562F5B /* Auth.storyboard */; };
		48055B0B23161B2600562F5B /* AuthStrings.swift in Sources */ = {isa = PBXBuildFile; fileRef = 48055B0A23161B2600562F5B /* AuthStrings.swift */; };
		48055B11231622E000562F5B /* AppFlow.swift in Sources */ = {isa = PBXBuildFile; fileRef = 48055B10231622E000562F5B /* AppFlow.swift */; };
		48055B1423164A7300562F5B /* Broadcast.swift in Sources */ = {isa = PBXBuildFile; fileRef = 48055B1323164A7300562F5B /* Broadcast.swift */; };
		48055B1823164DC000562F5B /* CoreViewController.swift in Sources */ = {isa = PBXBuildFile; fileRef = 48055B1723164DC000562F5B /* CoreViewController.swift */; };
		48055B1A23164E3D00562F5B /* AuthBuilder.swift in Sources */ = {isa = PBXBuildFile; fileRef = 48055B1923164E3D00562F5B /* AuthBuilder.swift */; };
		48055B1C2316501800562F5B /* GoogleService-Info.plist in Resources */ = {isa = PBXBuildFile; fileRef = 48055B1B2316501800562F5B /* GoogleService-Info.plist */; };
		48055B1F2316531800562F5B /* SimpleAlert.swift in Sources */ = {isa = PBXBuildFile; fileRef = 48055B1E2316531800562F5B /* SimpleAlert.swift */; };
		48055B26231656EA00562F5B /* UIStrings.swift in Sources */ = {isa = PBXBuildFile; fileRef = 48055B25231656EA00562F5B /* UIStrings.swift */; };
		480FA84B235170A200A61E1F /* PostSharerService.swift in Sources */ = {isa = PBXBuildFile; fileRef = 480FA84A235170A200A61E1F /* PostSharerService.swift */; };
		480FA84D235170EF00A61E1F /* Post.swift in Sources */ = {isa = PBXBuildFile; fileRef = 480FA84C235170EF00A61E1F /* Post.swift */; };
		480FA84F23519A7C00A61E1F /* PostComposerUpdateScreen.swift in Sources */ = {isa = PBXBuildFile; fileRef = 480FA84E23519A7C00A61E1F /* PostComposerUpdateScreen.swift */; };
		48156D53231E445A00AA4B06 /* AuthFlow.swift in Sources */ = {isa = PBXBuildFile; fileRef = 48156D52231E445A00AA4B06 /* AuthFlow.swift */; };
		48156D55231E485A00AA4B06 /* BaseFlow.swift in Sources */ = {isa = PBXBuildFile; fileRef = 48156D54231E485A00AA4B06 /* BaseFlow.swift */; };
		48156D57231E48AA00AA4B06 /* OnboardingFlow.swift in Sources */ = {isa = PBXBuildFile; fileRef = 48156D56231E48AA00AA4B06 /* OnboardingFlow.swift */; };
		481DDB70231CF6D800B36540 /* SignInViewController.swift in Sources */ = {isa = PBXBuildFile; fileRef = 481DDB6F231CF6D800B36540 /* SignInViewController.swift */; };
		481DDB73231CFD9700B36540 /* Onboarding.storyboard in Resources */ = {isa = PBXBuildFile; fileRef = 481DDB72231CFD9700B36540 /* Onboarding.storyboard */; };
		481DDB75231CFDB800B36540 /* LandingViewController.swift in Sources */ = {isa = PBXBuildFile; fileRef = 481DDB74231CFDB800B36540 /* LandingViewController.swift */; };
		481DDB77231CFE4600B36540 /* OnboardingStrings.swift in Sources */ = {isa = PBXBuildFile; fileRef = 481DDB76231CFE4600B36540 /* OnboardingStrings.swift */; };
		481DDB79231D02AD00B36540 /* OnboardingBuilder.swift in Sources */ = {isa = PBXBuildFile; fileRef = 481DDB78231D02AD00B36540 /* OnboardingBuilder.swift */; };
		4835C3292320F959007A66A0 /* HomeBuilder.swift in Sources */ = {isa = PBXBuildFile; fileRef = 4835C3282320F959007A66A0 /* HomeBuilder.swift */; };
		485A018B233F0342002C4C12 /* VideoFile.swift in Sources */ = {isa = PBXBuildFile; fileRef = 485A018A233F0342002C4C12 /* VideoFile.swift */; };
		485A018E233F0857002C4C12 /* Promise.swift in Sources */ = {isa = PBXBuildFile; fileRef = 485A018D233F0857002C4C12 /* Promise.swift */; };
		485BA39C2313CCF900A43130 /* SignUpService.swift in Sources */ = {isa = PBXBuildFile; fileRef = 485BA39B2313CCF900A43130 /* SignUpService.swift */; };
		485BA39E2313CD0700A43130 /* Result.swift in Sources */ = {isa = PBXBuildFile; fileRef = 485BA39D2313CD0700A43130 /* Result.swift */; };
		485BA3A02313CD8A00A43130 /* Either.swift in Sources */ = {isa = PBXBuildFile; fileRef = 485BA39F2313CD8A00A43130 /* Either.swift */; };
		485BA3A22313CDCE00A43130 /* Pair.swift in Sources */ = {isa = PBXBuildFile; fileRef = 485BA3A12313CDCE00A43130 /* Pair.swift */; };
		485BA3A42313CE1300A43130 /* Triple.swift in Sources */ = {isa = PBXBuildFile; fileRef = 485BA3A32313CE1300A43130 /* Triple.swift */; };
		485BA3A62313CF5C00A43130 /* CoreError.swift in Sources */ = {isa = PBXBuildFile; fileRef = 485BA3A52313CF5C00A43130 /* CoreError.swift */; };
		4876B87A2323473200512784 /* Colors.swift in Sources */ = {isa = PBXBuildFile; fileRef = 4876B8792323473200512784 /* Colors.swift */; };
		4876B87D232352A200512784 /* PostComposerViewController.swift in Sources */ = {isa = PBXBuildFile; fileRef = 4876B87C232352A200512784 /* PostComposerViewController.swift */; };
		4876B87F232352AE00512784 /* Composer.storyboard in Resources */ = {isa = PBXBuildFile; fileRef = 4876B87E232352AE00512784 /* Composer.storyboard */; };
		4876B8812323542F00512784 /* GalleryViewController.swift in Sources */ = {isa = PBXBuildFile; fileRef = 4876B8802323542F00512784 /* GalleryViewController.swift */; };
		4876B8832323596C00512784 /* ComposerStrings.swift in Sources */ = {isa = PBXBuildFile; fileRef = 4876B8822323596C00512784 /* ComposerStrings.swift */; };
		4876B88523235A5B00512784 /* ComposerBuilder.swift in Sources */ = {isa = PBXBuildFile; fileRef = 4876B88423235A5B00512784 /* ComposerBuilder.swift */; };
		4876B88723235B4200512784 /* ComposerFlow.swift in Sources */ = {isa = PBXBuildFile; fileRef = 4876B88623235B4200512784 /* ComposerFlow.swift */; };
		4876B88923237C2400512784 /* GalleryCollectionCell.swift in Sources */ = {isa = PBXBuildFile; fileRef = 4876B88823237C2400512784 /* GalleryCollectionCell.swift */; };
		4876B88B23237FC600512784 /* VideoView.swift in Sources */ = {isa = PBXBuildFile; fileRef = 4876B88A23237FC600512784 /* VideoView.swift */; };
		48792E722316138500223DF8 /* SignOutService.swift in Sources */ = {isa = PBXBuildFile; fileRef = 48792E712316138500223DF8 /* SignOutService.swift */; };
		487D77B3232B784600DA51B2 /* TranslationTransitioning.swift in Sources */ = {isa = PBXBuildFile; fileRef = 487D77B2232B784600DA51B2 /* TranslationTransitioning.swift */; };
		48A22AF42313887B0006F4AB /* AppDelegate.swift in Sources */ = {isa = PBXBuildFile; fileRef = 48A22AF32313887B0006F4AB /* AppDelegate.swift */; };
		48A22AF62313887B0006F4AB /* ViewController.swift in Sources */ = {isa = PBXBuildFile; fileRef = 48A22AF52313887B0006F4AB /* ViewController.swift */; };
		48A22AF92313887B0006F4AB /* Main.storyboard in Resources */ = {isa = PBXBuildFile; fileRef = 48A22AF72313887B0006F4AB /* Main.storyboard */; };
		48A22AFB2313887C0006F4AB /* Assets.xcassets in Resources */ = {isa = PBXBuildFile; fileRef = 48A22AFA2313887C0006F4AB /* Assets.xcassets */; };
		48A22AFE2313887C0006F4AB /* LaunchScreen.storyboard in Resources */ = {isa = PBXBuildFile; fileRef = 48A22AFC2313887C0006F4AB /* LaunchScreen.storyboard */; };
		48A8FC31233DE7F4009D55BB /* ImageFile.swift in Sources */ = {isa = PBXBuildFile; fileRef = 48A8FC30233DE7F4009D55BB /* ImageFile.swift */; };
		48B06A17232C9AFB00EF7E90 /* FileUploadService.swift in Sources */ = {isa = PBXBuildFile; fileRef = 48B06A16232C9AFB00EF7E90 /* FileUploadService.swift */; };
		48B0732B23220C5D008E6500 /* HomeFlow.swift in Sources */ = {isa = PBXBuildFile; fileRef = 48B0732A23220C5D008E6500 /* HomeFlow.swift */; };
		48B0732D2322211C008E6500 /* HomePagingViewController.swift in Sources */ = {isa = PBXBuildFile; fileRef = 48B0732C2322211C008E6500 /* HomePagingViewController.swift */; };
		48B0732F232230FB008E6500 /* Colors.xcassets in Resources */ = {isa = PBXBuildFile; fileRef = 48B0732E232230FB008E6500 /* Colors.xcassets */; };
		48B07331232236B8008E6500 /* HomeStrings.swift in Sources */ = {isa = PBXBuildFile; fileRef = 48B07330232236B8008E6500 /* HomeStrings.swift */; };
		48B073342322397B008E6500 /* Profile.storyboard in Resources */ = {isa = PBXBuildFile; fileRef = 48B073332322397B008E6500 /* Profile.storyboard */; };
		48B0733623223990008E6500 /* MyProfileViewController.swift in Sources */ = {isa = PBXBuildFile; fileRef = 48B0733523223990008E6500 /* MyProfileViewController.swift */; };
		48B0733823223D15008E6500 /* ProfileStrings.swift in Sources */ = {isa = PBXBuildFile; fileRef = 48B0733723223D15008E6500 /* ProfileStrings.swift */; };
		48B0733A23223F2A008E6500 /* ProfileBuilder.swift in Sources */ = {isa = PBXBuildFile; fileRef = 48B0733923223F2A008E6500 /* ProfileBuilder.swift */; };
		48B0733C23223F78008E6500 /* ProfileFlow.swift in Sources */ = {isa = PBXBuildFile; fileRef = 48B0733B23223F78008E6500 /* ProfileFlow.swift */; };
		48BA320D23151653009B2EA6 /* CoreStrings.swift in Sources */ = {isa = PBXBuildFile; fileRef = 48BA320C23151653009B2EA6 /* CoreStrings.swift */; };
		48BA320F23151930009B2EA6 /* SignInService.swift in Sources */ = {isa = PBXBuildFile; fileRef = 48BA320E23151930009B2EA6 /* SignInService.swift */; };
		48DFA804231F9DFC0020BE83 /* Home.storyboard in Resources */ = {isa = PBXBuildFile; fileRef = 48DFA803231F9DFC0020BE83 /* Home.storyboard */; };
		48DFA806231F9E4C0020BE83 /* HomeViewController.swift in Sources */ = {isa = PBXBuildFile; fileRef = 48DFA805231F9E4C0020BE83 /* HomeViewController.swift */; };
		7C38933B3BEBD7524BCA3A23 /* Pods_Peekr.framework in Frameworks */ = {isa = PBXBuildFile; fileRef = 05B02E76514D27ADCE66EAA7 /* Pods_Peekr.framework */; };
/* End PBXBuildFile section */

/* Begin PBXFileReference section */
		05B02E76514D27ADCE66EAA7 /* Pods_Peekr.framework */ = {isa = PBXFileReference; explicitFileType = wrapper.framework; includeInIndex = 0; path = Pods_Peekr.framework; sourceTree = BUILT_PRODUCTS_DIR; };
		1C3528431278CB2B94B8356D /* Pods-Peekr.debug.xcconfig */ = {isa = PBXFileReference; includeInIndex = 1; lastKnownFileType = text.xcconfig; name = "Pods-Peekr.debug.xcconfig"; path = "Target Support Files/Pods-Peekr/Pods-Peekr.debug.xcconfig"; sourceTree = "<group>"; };
		4801F73E235AA70F0002211D /* NewsFeedService.swift */ = {isa = PBXFileReference; lastKnownFileType = sourcecode.swift; path = NewsFeedService.swift; sourceTree = "<group>"; };
		4801F740235AB15B0002211D /* User.swift */ = {isa = PBXFileReference; lastKnownFileType = sourcecode.swift; path = User.swift; sourceTree = "<group>"; };
		48055B06231617CC00562F5B /* SignUpViewController.swift */ = {isa = PBXFileReference; lastKnownFileType = sourcecode.swift; path = SignUpViewController.swift; sourceTree = "<group>"; };
		48055B08231617D900562F5B /* Auth.storyboard */ = {isa = PBXFileReference; lastKnownFileType = file.storyboard; path = Auth.storyboard; sourceTree = "<group>"; };
		48055B0A23161B2600562F5B /* AuthStrings.swift */ = {isa = PBXFileReference; lastKnownFileType = sourcecode.swift; path = AuthStrings.swift; sourceTree = "<group>"; };
		48055B10231622E000562F5B /* AppFlow.swift */ = {isa = PBXFileReference; lastKnownFileType = sourcecode.swift; path = AppFlow.swift; sourceTree = "<group>"; };
		48055B1323164A7300562F5B /* Broadcast.swift */ = {isa = PBXFileReference; fileEncoding = 4; lastKnownFileType = sourcecode.swift; path = Broadcast.swift; sourceTree = "<group>"; };
		48055B1723164DC000562F5B /* CoreViewController.swift */ = {isa = PBXFileReference; lastKnownFileType = sourcecode.swift; path = CoreViewController.swift; sourceTree = "<group>"; };
		48055B1923164E3D00562F5B /* AuthBuilder.swift */ = {isa = PBXFileReference; lastKnownFileType = sourcecode.swift; path = AuthBuilder.swift; sourceTree = "<group>"; };
		48055B1B2316501800562F5B /* GoogleService-Info.plist */ = {isa = PBXFileReference; fileEncoding = 4; lastKnownFileType = text.plist.xml; name = "GoogleService-Info.plist"; path = "Peekr/GoogleService-Info.plist"; sourceTree = SOURCE_ROOT; };
		48055B1E2316531800562F5B /* SimpleAlert.swift */ = {isa = PBXFileReference; lastKnownFileType = sourcecode.swift; path = SimpleAlert.swift; sourceTree = "<group>"; };
		48055B25231656EA00562F5B /* UIStrings.swift */ = {isa = PBXFileReference; lastKnownFileType = sourcecode.swift; path = UIStrings.swift; sourceTree = "<group>"; };
		480FA84A235170A200A61E1F /* PostSharerService.swift */ = {isa = PBXFileReference; lastKnownFileType = sourcecode.swift; path = PostSharerService.swift; sourceTree = "<group>"; };
		480FA84C235170EF00A61E1F /* Post.swift */ = {isa = PBXFileReference; lastKnownFileType = sourcecode.swift; path = Post.swift; sourceTree = "<group>"; };
		480FA84E23519A7C00A61E1F /* PostComposerUpdateScreen.swift */ = {isa = PBXFileReference; lastKnownFileType = sourcecode.swift; path = PostComposerUpdateScreen.swift; sourceTree = "<group>"; };
		48156D52231E445A00AA4B06 /* AuthFlow.swift */ = {isa = PBXFileReference; lastKnownFileType = sourcecode.swift; path = AuthFlow.swift; sourceTree = "<group>"; };
		48156D54231E485A00AA4B06 /* BaseFlow.swift */ = {isa = PBXFileReference; lastKnownFileType = sourcecode.swift; path = BaseFlow.swift; sourceTree = "<group>"; };
		48156D56231E48AA00AA4B06 /* OnboardingFlow.swift */ = {isa = PBXFileReference; lastKnownFileType = sourcecode.swift; path = OnboardingFlow.swift; sourceTree = "<group>"; };
		481DDB6F231CF6D800B36540 /* SignInViewController.swift */ = {isa = PBXFileReference; lastKnownFileType = sourcecode.swift; path = SignInViewController.swift; sourceTree = "<group>"; };
		481DDB72231CFD9700B36540 /* Onboarding.storyboard */ = {isa = PBXFileReference; lastKnownFileType = file.storyboard; path = Onboarding.storyboard; sourceTree = "<group>"; };
		481DDB74231CFDB800B36540 /* LandingViewController.swift */ = {isa = PBXFileReference; lastKnownFileType = sourcecode.swift; path = LandingViewController.swift; sourceTree = "<group>"; };
		481DDB76231CFE4600B36540 /* OnboardingStrings.swift */ = {isa = PBXFileReference; lastKnownFileType = sourcecode.swift; path = OnboardingStrings.swift; sourceTree = "<group>"; };
		481DDB78231D02AD00B36540 /* OnboardingBuilder.swift */ = {isa = PBXFileReference; lastKnownFileType = sourcecode.swift; path = OnboardingBuilder.swift; sourceTree = "<group>"; };
		4835C3282320F959007A66A0 /* HomeBuilder.swift */ = {isa = PBXFileReference; lastKnownFileType = sourcecode.swift; path = HomeBuilder.swift; sourceTree = "<group>"; };
		485A018A233F0342002C4C12 /* VideoFile.swift */ = {isa = PBXFileReference; lastKnownFileType = sourcecode.swift; path = VideoFile.swift; sourceTree = "<group>"; };
		485A018D233F0857002C4C12 /* Promise.swift */ = {isa = PBXFileReference; lastKnownFileType = sourcecode.swift; path = Promise.swift; sourceTree = "<group>"; };
		485BA39B2313CCF900A43130 /* SignUpService.swift */ = {isa = PBXFileReference; fileEncoding = 4; lastKnownFileType = sourcecode.swift; path = SignUpService.swift; sourceTree = "<group>"; };
		485BA39D2313CD0700A43130 /* Result.swift */ = {isa = PBXFileReference; lastKnownFileType = sourcecode.swift; path = Result.swift; sourceTree = "<group>"; };
		485BA39F2313CD8A00A43130 /* Either.swift */ = {isa = PBXFileReference; lastKnownFileType = sourcecode.swift; path = Either.swift; sourceTree = "<group>"; };
		485BA3A12313CDCE00A43130 /* Pair.swift */ = {isa = PBXFileReference; lastKnownFileType = sourcecode.swift; path = Pair.swift; sourceTree = "<group>"; };
		485BA3A32313CE1300A43130 /* Triple.swift */ = {isa = PBXFileReference; lastKnownFileType = sourcecode.swift; path = Triple.swift; sourceTree = "<group>"; };
		485BA3A52313CF5C00A43130 /* CoreError.swift */ = {isa = PBXFileReference; lastKnownFileType = sourcecode.swift; path = CoreError.swift; sourceTree = "<group>"; };
		4876B8792323473200512784 /* Colors.swift */ = {isa = PBXFileReference; lastKnownFileType = sourcecode.swift; path = Colors.swift; sourceTree = "<group>"; };
		4876B87C232352A200512784 /* PostComposerViewController.swift */ = {isa = PBXFileReference; lastKnownFileType = sourcecode.swift; path = PostComposerViewController.swift; sourceTree = "<group>"; };
		4876B87E232352AE00512784 /* Composer.storyboard */ = {isa = PBXFileReference; lastKnownFileType = file.storyboard; path = Composer.storyboard; sourceTree = "<group>"; };
		4876B8802323542F00512784 /* GalleryViewController.swift */ = {isa = PBXFileReference; lastKnownFileType = sourcecode.swift; path = GalleryViewController.swift; sourceTree = "<group>"; };
		4876B8822323596C00512784 /* ComposerStrings.swift */ = {isa = PBXFileReference; lastKnownFileType = sourcecode.swift; path = ComposerStrings.swift; sourceTree = "<group>"; };
		4876B88423235A5B00512784 /* ComposerBuilder.swift */ = {isa = PBXFileReference; lastKnownFileType = sourcecode.swift; path = ComposerBuilder.swift; sourceTree = "<group>"; };
		4876B88623235B4200512784 /* ComposerFlow.swift */ = {isa = PBXFileReference; lastKnownFileType = sourcecode.swift; path = ComposerFlow.swift; sourceTree = "<group>"; };
		4876B88823237C2400512784 /* GalleryCollectionCell.swift */ = {isa = PBXFileReference; lastKnownFileType = sourcecode.swift; path = GalleryCollectionCell.swift; sourceTree = "<group>"; };
		4876B88A23237FC600512784 /* VideoView.swift */ = {isa = PBXFileReference; lastKnownFileType = sourcecode.swift; path = VideoView.swift; sourceTree = "<group>"; };
		48792E712316138500223DF8 /* SignOutService.swift */ = {isa = PBXFileReference; lastKnownFileType = sourcecode.swift; path = SignOutService.swift; sourceTree = "<group>"; };
		487D77B2232B784600DA51B2 /* TranslationTransitioning.swift */ = {isa = PBXFileReference; lastKnownFileType = sourcecode.swift; path = TranslationTransitioning.swift; sourceTree = "<group>"; };
		48A22AF02313887B0006F4AB /* Peekr.app */ = {isa = PBXFileReference; explicitFileType = wrapper.application; includeInIndex = 0; path = Peekr.app; sourceTree = BUILT_PRODUCTS_DIR; };
		48A22AF32313887B0006F4AB /* AppDelegate.swift */ = {isa = PBXFileReference; lastKnownFileType = sourcecode.swift; path = AppDelegate.swift; sourceTree = "<group>"; };
		48A22AF52313887B0006F4AB /* ViewController.swift */ = {isa = PBXFileReference; lastKnownFileType = sourcecode.swift; path = ViewController.swift; sourceTree = "<group>"; };
		48A22AF82313887B0006F4AB /* Base */ = {isa = PBXFileReference; lastKnownFileType = file.storyboard; name = Base; path = Base.lproj/Main.storyboard; sourceTree = "<group>"; };
		48A22AFA2313887C0006F4AB /* Assets.xcassets */ = {isa = PBXFileReference; lastKnownFileType = folder.assetcatalog; path = Assets.xcassets; sourceTree = "<group>"; };
		48A22AFD2313887C0006F4AB /* Base */ = {isa = PBXFileReference; lastKnownFileType = file.storyboard; name = Base; path = Base.lproj/LaunchScreen.storyboard; sourceTree = "<group>"; };
		48A22AFF2313887C0006F4AB /* Info.plist */ = {isa = PBXFileReference; lastKnownFileType = text.plist.xml; path = Info.plist; sourceTree = "<group>"; };
		48A8FC30233DE7F4009D55BB /* ImageFile.swift */ = {isa = PBXFileReference; lastKnownFileType = sourcecode.swift; path = ImageFile.swift; sourceTree = "<group>"; };
		48B06A16232C9AFB00EF7E90 /* FileUploadService.swift */ = {isa = PBXFileReference; lastKnownFileType = sourcecode.swift; path = FileUploadService.swift; sourceTree = "<group>"; };
		48B0732A23220C5D008E6500 /* HomeFlow.swift */ = {isa = PBXFileReference; lastKnownFileType = sourcecode.swift; path = HomeFlow.swift; sourceTree = "<group>"; };
		48B0732C2322211C008E6500 /* HomePagingViewController.swift */ = {isa = PBXFileReference; lastKnownFileType = sourcecode.swift; path = HomePagingViewController.swift; sourceTree = "<group>"; };
		48B0732E232230FB008E6500 /* Colors.xcassets */ = {isa = PBXFileReference; lastKnownFileType = folder.assetcatalog; path = Colors.xcassets; sourceTree = "<group>"; };
		48B07330232236B8008E6500 /* HomeStrings.swift */ = {isa = PBXFileReference; lastKnownFileType = sourcecode.swift; path = HomeStrings.swift; sourceTree = "<group>"; };
		48B073332322397B008E6500 /* Profile.storyboard */ = {isa = PBXFileReference; lastKnownFileType = file.storyboard; path = Profile.storyboard; sourceTree = "<group>"; };
		48B0733523223990008E6500 /* MyProfileViewController.swift */ = {isa = PBXFileReference; lastKnownFileType = sourcecode.swift; path = MyProfileViewController.swift; sourceTree = "<group>"; };
		48B0733723223D15008E6500 /* ProfileStrings.swift */ = {isa = PBXFileReference; lastKnownFileType = sourcecode.swift; path = ProfileStrings.swift; sourceTree = "<group>"; };
		48B0733923223F2A008E6500 /* ProfileBuilder.swift */ = {isa = PBXFileReference; lastKnownFileType = sourcecode.swift; path = ProfileBuilder.swift; sourceTree = "<group>"; };
		48B0733B23223F78008E6500 /* ProfileFlow.swift */ = {isa = PBXFileReference; lastKnownFileType = sourcecode.swift; path = ProfileFlow.swift; sourceTree = "<group>"; };
		48BA320C23151653009B2EA6 /* CoreStrings.swift */ = {isa = PBXFileReference; lastKnownFileType = sourcecode.swift; path = CoreStrings.swift; sourceTree = "<group>"; };
		48BA320E23151930009B2EA6 /* SignInService.swift */ = {isa = PBXFileReference; lastKnownFileType = sourcecode.swift; path = SignInService.swift; sourceTree = "<group>"; };
		48DFA803231F9DFC0020BE83 /* Home.storyboard */ = {isa = PBXFileReference; lastKnownFileType = file.storyboard; path = Home.storyboard; sourceTree = "<group>"; };
		48DFA805231F9E4C0020BE83 /* HomeViewController.swift */ = {isa = PBXFileReference; lastKnownFileType = sourcecode.swift; path = HomeViewController.swift; sourceTree = "<group>"; };
		C6F57A5E84206A69716ED320 /* Pods-Peekr.release.xcconfig */ = {isa = PBXFileReference; includeInIndex = 1; lastKnownFileType = text.xcconfig; name = "Pods-Peekr.release.xcconfig"; path = "Target Support Files/Pods-Peekr/Pods-Peekr.release.xcconfig"; sourceTree = "<group>"; };
/* End PBXFileReference section */

/* Begin PBXFrameworksBuildPhase section */
		48A22AED2313887B0006F4AB /* Frameworks */ = {
			isa = PBXFrameworksBuildPhase;
			buildActionMask = 2147483647;
			files = (
				7C38933B3BEBD7524BCA3A23 /* Pods_Peekr.framework in Frameworks */,
			);
			runOnlyForDeploymentPostprocessing = 0;
		};
/* End PBXFrameworksBuildPhase section */

/* Begin PBXGroup section */
		48055B042316177D00562F5B /* Components */ = {
			isa = PBXGroup;
			children = (
				48055B05231617A300562F5B /* Auth */,
				4876B87B2323527700512784 /* Composer */,
				48DFA802231F9DEA0020BE83 /* Home */,
				481DDB71231CFD6800B36540 /* Onboarding */,
				48B0733223223965008E6500 /* Profile */,
				485A018C233F081C002C4C12 /* Shared */,
				48055B1D2316530700562F5B /* UI */,
			);
			path = Components;
			sourceTree = "<group>";
		};
		48055B05231617A300562F5B /* Auth */ = {
			isa = PBXGroup;
			children = (
				48055B08231617D900562F5B /* Auth.storyboard */,
				48055B1923164E3D00562F5B /* AuthBuilder.swift */,
				48055B0A23161B2600562F5B /* AuthStrings.swift */,
				48055B06231617CC00562F5B /* SignUpViewController.swift */,
				481DDB6F231CF6D800B36540 /* SignInViewController.swift */,
			);
			path = Auth;
			sourceTree = "<group>";
		};
		48055B1223164A7300562F5B /* Broadcast */ = {
			isa = PBXGroup;
			children = (
				48055B1323164A7300562F5B /* Broadcast.swift */,
			);
			name = Broadcast;
			path = lib/core/src/Broadcast;
			sourceTree = SOURCE_ROOT;
		};
		48055B1623164DB000562F5B /* UI */ = {
			isa = PBXGroup;
			children = (
				48055B1723164DC000562F5B /* CoreViewController.swift */,
			);
			name = UI;
			path = lib/core/src/UI;
			sourceTree = SOURCE_ROOT;
		};
		48055B1D2316530700562F5B /* UI */ = {
			isa = PBXGroup;
			children = (
				4876B8792323473200512784 /* Colors.swift */,
				48055B1E2316531800562F5B /* SimpleAlert.swift */,
				48055B25231656EA00562F5B /* UIStrings.swift */,
				4876B88A23237FC600512784 /* VideoView.swift */,
				48B0732E232230FB008E6500 /* Colors.xcassets */,
				487D77B2232B784600DA51B2 /* TranslationTransitioning.swift */,
			);
			path = UI;
			sourceTree = "<group>";
		};
		48156D51231E443C00AA4B06 /* Flow */ = {
			isa = PBXGroup;
			children = (
				48055B10231622E000562F5B /* AppFlow.swift */,
				48156D52231E445A00AA4B06 /* AuthFlow.swift */,
				48156D54231E485A00AA4B06 /* BaseFlow.swift */,
				4876B88623235B4200512784 /* ComposerFlow.swift */,
				48B0732A23220C5D008E6500 /* HomeFlow.swift */,
				48156D56231E48AA00AA4B06 /* OnboardingFlow.swift */,
				48B0733B23223F78008E6500 /* ProfileFlow.swift */,
			);
			path = Flow;
			sourceTree = "<group>";
		};
		481DDB6E231CF67600B36540 /* App */ = {
			isa = PBXGroup;
			children = (
				48055B1B2316501800562F5B /* GoogleService-Info.plist */,
				48A22AFF2313887C0006F4AB /* Info.plist */,
				48A22AF32313887B0006F4AB /* AppDelegate.swift */,
				48A22AF52313887B0006F4AB /* ViewController.swift */,
				48A22AFA2313887C0006F4AB /* Assets.xcassets */,
				48A22AFC2313887C0006F4AB /* LaunchScreen.storyboard */,
				48A22AF72313887B0006F4AB /* Main.storyboard */,
			);
			name = App;
			sourceTree = "<group>";
		};
		481DDB71231CFD6800B36540 /* Onboarding */ = {
			isa = PBXGroup;
			children = (
				481DDB72231CFD9700B36540 /* Onboarding.storyboard */,
				481DDB74231CFDB800B36540 /* LandingViewController.swift */,
				481DDB76231CFE4600B36540 /* OnboardingStrings.swift */,
				481DDB78231D02AD00B36540 /* OnboardingBuilder.swift */,
			);
			path = Onboarding;
			sourceTree = "<group>";
		};
		485A018C233F081C002C4C12 /* Shared */ = {
			isa = PBXGroup;
			children = (
				485A018D233F0857002C4C12 /* Promise.swift */,
			);
			path = Shared;
			sourceTree = "<group>";
		};
		485BA3922313C93500A43130 /* Core */ = {
			isa = PBXGroup;
			children = (
				48055B1223164A7300562F5B /* Broadcast */,
				485BA3992313CCF900A43130 /* Models */,
				485BA39A2313CCF900A43130 /* Services */,
				48055B1623164DB000562F5B /* UI */,
			);
			name = Core;
			sourceTree = "<group>";
		};
		485BA3992313CCF900A43130 /* Models */ = {
			isa = PBXGroup;
			children = (
				485BA3A52313CF5C00A43130 /* CoreError.swift */,
				48BA320C23151653009B2EA6 /* CoreStrings.swift */,
				485BA39F2313CD8A00A43130 /* Either.swift */,
				48A8FC30233DE7F4009D55BB /* ImageFile.swift */,
				485BA3A12313CDCE00A43130 /* Pair.swift */,
				480FA84C235170EF00A61E1F /* Post.swift */,
				485BA39D2313CD0700A43130 /* Result.swift */,
				485BA3A32313CE1300A43130 /* Triple.swift */,
				485A018A233F0342002C4C12 /* VideoFile.swift */,
				4801F740235AB15B0002211D /* User.swift */,
			);
			name = Models;
			path = lib/core/src/Models;
			sourceTree = SOURCE_ROOT;
		};
		485BA39A2313CCF900A43130 /* Services */ = {
			isa = PBXGroup;
			children = (
				48B06A16232C9AFB00EF7E90 /* FileUploadService.swift */,
				480FA84A235170A200A61E1F /* PostSharerService.swift */,
				48BA320E23151930009B2EA6 /* SignInService.swift */,
				48792E712316138500223DF8 /* SignOutService.swift */,
				485BA39B2313CCF900A43130 /* SignUpService.swift */,
				4801F73E235AA70F0002211D /* NewsFeedService.swift */,
			);
			name = Services;
			path = lib/core/src/Services;
			sourceTree = SOURCE_ROOT;
		};
		4876B87B2323527700512784 /* Composer */ = {
			isa = PBXGroup;
			children = (
				4876B87E232352AE00512784 /* Composer.storyboard */,
				4876B88423235A5B00512784 /* ComposerBuilder.swift */,
				4876B8822323596C00512784 /* ComposerStrings.swift */,
				4876B88823237C2400512784 /* GalleryCollectionCell.swift */,
				4876B8802323542F00512784 /* GalleryViewController.swift */,
				480FA84E23519A7C00A61E1F /* PostComposerUpdateScreen.swift */,
				4876B87C232352A200512784 /* PostComposerViewController.swift */,
			);
			path = Composer;
			sourceTree = "<group>";
		};
		48A22AE72313887B0006F4AB = {
			isa = PBXGroup;
			children = (
				48A22AF22313887B0006F4AB /* Peekr */,
				48A22AF12313887B0006F4AB /* Products */,
				A49F7B69810D08975DA1A159 /* Pods */,
				53ED121784B8F09CA74DF0B2 /* Frameworks */,
			);
			sourceTree = "<group>";
		};
		48A22AF12313887B0006F4AB /* Products */ = {
			isa = PBXGroup;
			children = (
				48A22AF02313887B0006F4AB /* Peekr.app */,
			);
			name = Products;
			sourceTree = "<group>";
		};
		48A22AF22313887B0006F4AB /* Peekr */ = {
			isa = PBXGroup;
			children = (
				481DDB6E231CF67600B36540 /* App */,
				48055B042316177D00562F5B /* Components */,
				485BA3922313C93500A43130 /* Core */,
				48156D51231E443C00AA4B06 /* Flow */,
			);
			path = Peekr;
			sourceTree = "<group>";
		};
		48B0733223223965008E6500 /* Profile */ = {
			isa = PBXGroup;
			children = (
				48B073332322397B008E6500 /* Profile.storyboard */,
				48B0733523223990008E6500 /* MyProfileViewController.swift */,
				48B0733923223F2A008E6500 /* ProfileBuilder.swift */,
				48B0733723223D15008E6500 /* ProfileStrings.swift */,
			);
			path = Profile;
			sourceTree = "<group>";
		};
		48DFA802231F9DEA0020BE83 /* Home */ = {
			isa = PBXGroup;
			children = (
				48DFA803231F9DFC0020BE83 /* Home.storyboard */,
				48DFA805231F9E4C0020BE83 /* HomeViewController.swift */,
				4835C3282320F959007A66A0 /* HomeBuilder.swift */,
				48B0732C2322211C008E6500 /* HomePagingViewController.swift */,
				48B07330232236B8008E6500 /* HomeStrings.swift */,
			);
			path = Home;
			sourceTree = "<group>";
		};
		53ED121784B8F09CA74DF0B2 /* Frameworks */ = {
			isa = PBXGroup;
			children = (
				05B02E76514D27ADCE66EAA7 /* Pods_Peekr.framework */,
			);
			name = Frameworks;
			sourceTree = "<group>";
		};
		A49F7B69810D08975DA1A159 /* Pods */ = {
			isa = PBXGroup;
			children = (
				1C3528431278CB2B94B8356D /* Pods-Peekr.debug.xcconfig */,
				C6F57A5E84206A69716ED320 /* Pods-Peekr.release.xcconfig */,
			);
			path = Pods;
			sourceTree = "<group>";
		};
/* End PBXGroup section */

/* Begin PBXNativeTarget section */
		48A22AEF2313887B0006F4AB /* Peekr */ = {
			isa = PBXNativeTarget;
			buildConfigurationList = 48A22B022313887C0006F4AB /* Build configuration list for PBXNativeTarget "Peekr" */;
			buildPhases = (
				AB5E1D2FC2F1BCFD13C12764 /* [CP] Check Pods Manifest.lock */,
				48F638BC2315123600AA8775 /* Lint */,
				48A22AEC2313887B0006F4AB /* Sources */,
				48A22AED2313887B0006F4AB /* Frameworks */,
				48A22AEE2313887B0006F4AB /* Resources */,
				B08DA6AE0450567E8A0A49E8 /* [CP] Embed Pods Frameworks */,
			);
			buildRules = (
			);
			dependencies = (
			);
			name = Peekr;
			productName = Peekr;
			productReference = 48A22AF02313887B0006F4AB /* Peekr.app */;
			productType = "com.apple.product-type.application";
		};
/* End PBXNativeTarget section */

/* Begin PBXProject section */
		48A22AE82313887B0006F4AB /* Project object */ = {
			isa = PBXProject;
			attributes = {
				LastSwiftUpdateCheck = 1010;
				LastUpgradeCheck = 1010;
				ORGANIZATIONNAME = Nir;
				TargetAttributes = {
					48A22AEF2313887B0006F4AB = {
						CreatedOnToolsVersion = 10.1;
					};
				};
			};
			buildConfigurationList = 48A22AEB2313887B0006F4AB /* Build configuration list for PBXProject "Peekr" */;
			compatibilityVersion = "Xcode 9.3";
			developmentRegion = en;
			hasScannedForEncodings = 0;
			knownRegions = (
				en,
				Base,
			);
			mainGroup = 48A22AE72313887B0006F4AB;
			productRefGroup = 48A22AF12313887B0006F4AB /* Products */;
			projectDirPath = "";
			projectRoot = "";
			targets = (
				48A22AEF2313887B0006F4AB /* Peekr */,
			);
		};
/* End PBXProject section */

/* Begin PBXResourcesBuildPhase section */
		48A22AEE2313887B0006F4AB /* Resources */ = {
			isa = PBXResourcesBuildPhase;
			buildActionMask = 2147483647;
			files = (
				48DFA804231F9DFC0020BE83 /* Home.storyboard in Resources */,
				48055B09231617D900562F5B /* Auth.storyboard in Resources */,
				4876B87F232352AE00512784 /* Composer.storyboard in Resources */,
				48A22AFE2313887C0006F4AB /* LaunchScreen.storyboard in Resources */,
				48055B1C2316501800562F5B /* GoogleService-Info.plist in Resources */,
				481DDB73231CFD9700B36540 /* Onboarding.storyboard in Resources */,
				48B0732F232230FB008E6500 /* Colors.xcassets in Resources */,
				48B073342322397B008E6500 /* Profile.storyboard in Resources */,
				48A22AFB2313887C0006F4AB /* Assets.xcassets in Resources */,
				48A22AF92313887B0006F4AB /* Main.storyboard in Resources */,
			);
			runOnlyForDeploymentPostprocessing = 0;
		};
/* End PBXResourcesBuildPhase section */

/* Begin PBXShellScriptBuildPhase section */
		48F638BC2315123600AA8775 /* Lint */ = {
			isa = PBXShellScriptBuildPhase;
			buildActionMask = 2147483647;
			files = (
			);
			inputFileListPaths = (
			);
			inputPaths = (
			);
			name = Lint;
			outputFileListPaths = (
			);
			outputPaths = (
			);
			runOnlyForDeploymentPostprocessing = 0;
			shellPath = /bin/sh;
			shellScript = "exit 0\nif which swiftlint >/dev/null; then\nswiftlint\nelse\necho \"warning: SwiftLint not installed, download from https://github.com/realm/SwiftLint or brew install swiftlint\"\nfi\n";
		};
		AB5E1D2FC2F1BCFD13C12764 /* [CP] Check Pods Manifest.lock */ = {
			isa = PBXShellScriptBuildPhase;
			buildActionMask = 2147483647;
			files = (
			);
			inputFileListPaths = (
			);
			inputPaths = (
				"${PODS_PODFILE_DIR_PATH}/Podfile.lock",
				"${PODS_ROOT}/Manifest.lock",
			);
			name = "[CP] Check Pods Manifest.lock";
			outputFileListPaths = (
			);
			outputPaths = (
				"$(DERIVED_FILE_DIR)/Pods-Peekr-checkManifestLockResult.txt",
			);
			runOnlyForDeploymentPostprocessing = 0;
			shellPath = /bin/sh;
			shellScript = "diff \"${PODS_PODFILE_DIR_PATH}/Podfile.lock\" \"${PODS_ROOT}/Manifest.lock\" > /dev/null\nif [ $? != 0 ] ; then\n    # print error to STDERR\n    echo \"error: The sandbox is not in sync with the Podfile.lock. Run 'pod install' or update your CocoaPods installation.\" >&2\n    exit 1\nfi\n# This output is used by Xcode 'outputs' to avoid re-running this script phase.\necho \"SUCCESS\" > \"${SCRIPT_OUTPUT_FILE_0}\"\n";
			showEnvVarsInLog = 0;
		};
		B08DA6AE0450567E8A0A49E8 /* [CP] Embed Pods Frameworks */ = {
			isa = PBXShellScriptBuildPhase;
			buildActionMask = 2147483647;
			files = (
			);
			inputFileListPaths = (
			);
			inputPaths = (
				"${PODS_ROOT}/Target Support Files/Pods-Peekr/Pods-Peekr-frameworks.sh",
				"${BUILT_PRODUCTS_DIR}/BoringSSL-GRPC/openssl_grpc.framework",
				"${BUILT_PRODUCTS_DIR}/GTMSessionFetcher/GTMSessionFetcher.framework",
				"${BUILT_PRODUCTS_DIR}/GoogleUtilities/GoogleUtilities.framework",
				"${BUILT_PRODUCTS_DIR}/Protobuf/Protobuf.framework",
				"${BUILT_PRODUCTS_DIR}/gRPC-C++/grpcpp.framework",
				"${BUILT_PRODUCTS_DIR}/gRPC-Core/grpc.framework",
				"${BUILT_PRODUCTS_DIR}/leveldb-library/leveldb.framework",
				"${BUILT_PRODUCTS_DIR}/nanopb/nanopb.framework",
			);
			name = "[CP] Embed Pods Frameworks";
			outputFileListPaths = (
			);
			outputPaths = (
				"${TARGET_BUILD_DIR}/${FRAMEWORKS_FOLDER_PATH}/openssl_grpc.framework",
				"${TARGET_BUILD_DIR}/${FRAMEWORKS_FOLDER_PATH}/GTMSessionFetcher.framework",
				"${TARGET_BUILD_DIR}/${FRAMEWORKS_FOLDER_PATH}/GoogleUtilities.framework",
				"${TARGET_BUILD_DIR}/${FRAMEWORKS_FOLDER_PATH}/Protobuf.framework",
				"${TARGET_BUILD_DIR}/${FRAMEWORKS_FOLDER_PATH}/grpcpp.framework",
				"${TARGET_BUILD_DIR}/${FRAMEWORKS_FOLDER_PATH}/grpc.framework",
				"${TARGET_BUILD_DIR}/${FRAMEWORKS_FOLDER_PATH}/leveldb.framework",
				"${TARGET_BUILD_DIR}/${FRAMEWORKS_FOLDER_PATH}/nanopb.framework",
			);
			runOnlyForDeploymentPostprocessing = 0;
			shellPath = /bin/sh;
			shellScript = "\"${PODS_ROOT}/Target Support Files/Pods-Peekr/Pods-Peekr-frameworks.sh\"\n";
			showEnvVarsInLog = 0;
		};
/* End PBXShellScriptBuildPhase section */

/* Begin PBXSourcesBuildPhase section */
		48A22AEC2313887B0006F4AB /* Sources */ = {
			isa = PBXSourcesBuildPhase;
			buildActionMask = 2147483647;
			files = (
				4876B88B23237FC600512784 /* VideoView.swift in Sources */,
				48B06A17232C9AFB00EF7E90 /* FileUploadService.swift in Sources */,
				48156D57231E48AA00AA4B06 /* OnboardingFlow.swift in Sources */,
				4876B87A2323473200512784 /* Colors.swift in Sources */,
				48A22AF62313887B0006F4AB /* ViewController.swift in Sources */,
				481DDB75231CFDB800B36540 /* LandingViewController.swift in Sources */,
				480FA84B235170A200A61E1F /* PostSharerService.swift in Sources */,
				48BA320D23151653009B2EA6 /* CoreStrings.swift in Sources */,
				4876B8812323542F00512784 /* GalleryViewController.swift in Sources */,
				480FA84D235170EF00A61E1F /* Post.swift in Sources */,
				481DDB77231CFE4600B36540 /* OnboardingStrings.swift in Sources */,
				485BA39C2313CCF900A43130 /* SignUpService.swift in Sources */,
				48055B1A23164E3D00562F5B /* AuthBuilder.swift in Sources */,
				485BA39E2313CD0700A43130 /* Result.swift in Sources */,
				48A22AF42313887B0006F4AB /* AppDelegate.swift in Sources */,
				48055B1F2316531800562F5B /* SimpleAlert.swift in Sources */,
				48055B0B23161B2600562F5B /* AuthStrings.swift in Sources */,
				48B0733A23223F2A008E6500 /* ProfileBuilder.swift in Sources */,
				4876B88723235B4200512784 /* ComposerFlow.swift in Sources */,
				48B07331232236B8008E6500 /* HomeStrings.swift in Sources */,
				4876B88523235A5B00512784 /* ComposerBuilder.swift in Sources */,
				481DDB70231CF6D800B36540 /* SignInViewController.swift in Sources */,
				48B0732B23220C5D008E6500 /* HomeFlow.swift in Sources */,
				48B0733623223990008E6500 /* MyProfileViewController.swift in Sources */,
				4876B8832323596C00512784 /* ComposerStrings.swift in Sources */,
				485A018E233F0857002C4C12 /* Promise.swift in Sources */,
				48B0733823223D15008E6500 /* ProfileStrings.swift in Sources */,
				48156D53231E445A00AA4B06 /* AuthFlow.swift in Sources */,
				48BA320F23151930009B2EA6 /* SignInService.swift in Sources */,
				48DFA806231F9E4C0020BE83 /* HomeViewController.swift in Sources */,
				4801F741235AB15B0002211D /* User.swift in Sources */,
				4801F73F235AA70F0002211D /* NewsFeedService.swift in Sources */,
				48055B07231617CC00562F5B /* SignUpViewController.swift in Sources */,
				4876B88923237C2400512784 /* GalleryCollectionCell.swift in Sources */,
				48A8FC31233DE7F4009D55BB /* ImageFile.swift in Sources */,
				485A018B233F0342002C4C12 /* VideoFile.swift in Sources */,
				48055B26231656EA00562F5B /* UIStrings.swift in Sources */,
				481DDB79231D02AD00B36540 /* OnboardingBuilder.swift in Sources */,
				48156D55231E485A00AA4B06 /* BaseFlow.swift in Sources */,
				485BA3A02313CD8A00A43130 /* Either.swift in Sources */,
				48055B1423164A7300562F5B /* Broadcast.swift in Sources */,
				487D77B3232B784600DA51B2 /* TranslationTransitioning.swift in Sources */,
				485BA3A62313CF5C00A43130 /* CoreError.swift in Sources */,
				48792E722316138500223DF8 /* SignOutService.swift in Sources */,
				485BA3A42313CE1300A43130 /* Triple.swift in Sources */,
				4835C3292320F959007A66A0 /* HomeBuilder.swift in Sources */,
				480FA84F23519A7C00A61E1F /* PostComposerUpdateScreen.swift in Sources */,
				48055B11231622E000562F5B /* AppFlow.swift in Sources */,
				48055B1823164DC000562F5B /* CoreViewController.swift in Sources */,
				485BA3A22313CDCE00A43130 /* Pair.swift in Sources */,
				48B0732D2322211C008E6500 /* HomePagingViewController.swift in Sources */,
				4876B87D232352A200512784 /* PostComposerViewController.swift in Sources */,
				48B0733C23223F78008E6500 /* ProfileFlow.swift in Sources */,
			);
			runOnlyForDeploymentPostprocessing = 0;
		};
/* End PBXSourcesBuildPhase section */

/* Begin PBXVariantGroup section */
		48A22AF72313887B0006F4AB /* Main.storyboard */ = {
			isa = PBXVariantGroup;
			children = (
				48A22AF82313887B0006F4AB /* Base */,
			);
			name = Main.storyboard;
			sourceTree = "<group>";
		};
		48A22AFC2313887C0006F4AB /* LaunchScreen.storyboard */ = {
			isa = PBXVariantGroup;
			children = (
				48A22AFD2313887C0006F4AB /* Base */,
			);
			name = LaunchScreen.storyboard;
			sourceTree = "<group>";
		};
/* End PBXVariantGroup section */

/* Begin XCBuildConfiguration section */
		48A22B002313887C0006F4AB /* Debug */ = {
			isa = XCBuildConfiguration;
			buildSettings = {
				ALWAYS_SEARCH_USER_PATHS = NO;
				CLANG_ANALYZER_NONNULL = YES;
				CLANG_ANALYZER_NUMBER_OBJECT_CONVERSION = YES_AGGRESSIVE;
				CLANG_CXX_LANGUAGE_STANDARD = "gnu++14";
				CLANG_CXX_LIBRARY = "libc++";
				CLANG_ENABLE_MODULES = YES;
				CLANG_ENABLE_OBJC_ARC = YES;
				CLANG_ENABLE_OBJC_WEAK = YES;
				CLANG_WARN_BLOCK_CAPTURE_AUTORELEASING = YES;
				CLANG_WARN_BOOL_CONVERSION = YES;
				CLANG_WARN_COMMA = YES;
				CLANG_WARN_CONSTANT_CONVERSION = YES;
				CLANG_WARN_DEPRECATED_OBJC_IMPLEMENTATIONS = YES;
				CLANG_WARN_DIRECT_OBJC_ISA_USAGE = YES_ERROR;
				CLANG_WARN_DOCUMENTATION_COMMENTS = YES;
				CLANG_WARN_EMPTY_BODY = YES;
				CLANG_WARN_ENUM_CONVERSION = YES;
				CLANG_WARN_INFINITE_RECURSION = YES;
				CLANG_WARN_INT_CONVERSION = YES;
				CLANG_WARN_NON_LITERAL_NULL_CONVERSION = YES;
				CLANG_WARN_OBJC_IMPLICIT_RETAIN_SELF = YES;
				CLANG_WARN_OBJC_LITERAL_CONVERSION = YES;
				CLANG_WARN_OBJC_ROOT_CLASS = YES_ERROR;
				CLANG_WARN_RANGE_LOOP_ANALYSIS = YES;
				CLANG_WARN_STRICT_PROTOTYPES = YES;
				CLANG_WARN_SUSPICIOUS_MOVE = YES;
				CLANG_WARN_UNGUARDED_AVAILABILITY = YES_AGGRESSIVE;
				CLANG_WARN_UNREACHABLE_CODE = YES;
				CLANG_WARN__DUPLICATE_METHOD_MATCH = YES;
				CODE_SIGN_IDENTITY = "iPhone Developer";
				COPY_PHASE_STRIP = NO;
				DEBUG_INFORMATION_FORMAT = dwarf;
				ENABLE_STRICT_OBJC_MSGSEND = YES;
				ENABLE_TESTABILITY = YES;
				GCC_C_LANGUAGE_STANDARD = gnu11;
				GCC_DYNAMIC_NO_PIC = NO;
				GCC_NO_COMMON_BLOCKS = YES;
				GCC_OPTIMIZATION_LEVEL = 0;
				GCC_PREPROCESSOR_DEFINITIONS = (
					"DEBUG=1",
					"$(inherited)",
				);
				GCC_WARN_64_TO_32_BIT_CONVERSION = YES;
				GCC_WARN_ABOUT_RETURN_TYPE = YES_ERROR;
				GCC_WARN_UNDECLARED_SELECTOR = YES;
				GCC_WARN_UNINITIALIZED_AUTOS = YES_AGGRESSIVE;
				GCC_WARN_UNUSED_FUNCTION = YES;
				GCC_WARN_UNUSED_VARIABLE = YES;
				IPHONEOS_DEPLOYMENT_TARGET = 12.1;
				MTL_ENABLE_DEBUG_INFO = INCLUDE_SOURCE;
				MTL_FAST_MATH = YES;
				ONLY_ACTIVE_ARCH = YES;
				SDKROOT = iphoneos;
				SWIFT_ACTIVE_COMPILATION_CONDITIONS = DEBUG;
				SWIFT_OPTIMIZATION_LEVEL = "-Onone";
			};
			name = Debug;
		};
		48A22B012313887C0006F4AB /* Release */ = {
			isa = XCBuildConfiguration;
			buildSettings = {
				ALWAYS_SEARCH_USER_PATHS = NO;
				CLANG_ANALYZER_NONNULL = YES;
				CLANG_ANALYZER_NUMBER_OBJECT_CONVERSION = YES_AGGRESSIVE;
				CLANG_CXX_LANGUAGE_STANDARD = "gnu++14";
				CLANG_CXX_LIBRARY = "libc++";
				CLANG_ENABLE_MODULES = YES;
				CLANG_ENABLE_OBJC_ARC = YES;
				CLANG_ENABLE_OBJC_WEAK = YES;
				CLANG_WARN_BLOCK_CAPTURE_AUTORELEASING = YES;
				CLANG_WARN_BOOL_CONVERSION = YES;
				CLANG_WARN_COMMA = YES;
				CLANG_WARN_CONSTANT_CONVERSION = YES;
				CLANG_WARN_DEPRECATED_OBJC_IMPLEMENTATIONS = YES;
				CLANG_WARN_DIRECT_OBJC_ISA_USAGE = YES_ERROR;
				CLANG_WARN_DOCUMENTATION_COMMENTS = YES;
				CLANG_WARN_EMPTY_BODY = YES;
				CLANG_WARN_ENUM_CONVERSION = YES;
				CLANG_WARN_INFINITE_RECURSION = YES;
				CLANG_WARN_INT_CONVERSION = YES;
				CLANG_WARN_NON_LITERAL_NULL_CONVERSION = YES;
				CLANG_WARN_OBJC_IMPLICIT_RETAIN_SELF = YES;
				CLANG_WARN_OBJC_LITERAL_CONVERSION = YES;
				CLANG_WARN_OBJC_ROOT_CLASS = YES_ERROR;
				CLANG_WARN_RANGE_LOOP_ANALYSIS = YES;
				CLANG_WARN_STRICT_PROTOTYPES = YES;
				CLANG_WARN_SUSPICIOUS_MOVE = YES;
				CLANG_WARN_UNGUARDED_AVAILABILITY = YES_AGGRESSIVE;
				CLANG_WARN_UNREACHABLE_CODE = YES;
				CLANG_WARN__DUPLICATE_METHOD_MATCH = YES;
				CODE_SIGN_IDENTITY = "iPhone Developer";
				COPY_PHASE_STRIP = NO;
				DEBUG_INFORMATION_FORMAT = "dwarf-with-dsym";
				ENABLE_NS_ASSERTIONS = NO;
				ENABLE_STRICT_OBJC_MSGSEND = YES;
				GCC_C_LANGUAGE_STANDARD = gnu11;
				GCC_NO_COMMON_BLOCKS = YES;
				GCC_WARN_64_TO_32_BIT_CONVERSION = YES;
				GCC_WARN_ABOUT_RETURN_TYPE = YES_ERROR;
				GCC_WARN_UNDECLARED_SELECTOR = YES;
				GCC_WARN_UNINITIALIZED_AUTOS = YES_AGGRESSIVE;
				GCC_WARN_UNUSED_FUNCTION = YES;
				GCC_WARN_UNUSED_VARIABLE = YES;
				IPHONEOS_DEPLOYMENT_TARGET = 12.1;
				MTL_ENABLE_DEBUG_INFO = NO;
				MTL_FAST_MATH = YES;
				SDKROOT = iphoneos;
				SWIFT_COMPILATION_MODE = wholemodule;
				SWIFT_OPTIMIZATION_LEVEL = "-O";
				VALIDATE_PRODUCT = YES;
			};
			name = Release;
		};
		48A22B032313887C0006F4AB /* Debug */ = {
			isa = XCBuildConfiguration;
			baseConfigurationReference = 1C3528431278CB2B94B8356D /* Pods-Peekr.debug.xcconfig */;
			buildSettings = {
				ASSETCATALOG_COMPILER_APPICON_NAME = AppIcon;
				CODE_SIGN_STYLE = Automatic;
				DEVELOPMENT_TEAM = 4WBRGV5Z9M;
				INFOPLIST_FILE = Peekr/Info.plist;
				IPHONEOS_DEPLOYMENT_TARGET = 10.0;
				LD_RUNPATH_SEARCH_PATHS = (
					"$(inherited)",
					"@executable_path/Frameworks",
				);
				PRODUCT_BUNDLE_IDENTIFIER = com.nir.Peekr;
				PRODUCT_NAME = "$(TARGET_NAME)";
				SWIFT_VERSION = 4.2;
				TARGETED_DEVICE_FAMILY = "1,2";
			};
			name = Debug;
		};
		48A22B042313887C0006F4AB /* Release */ = {
			isa = XCBuildConfiguration;
			baseConfigurationReference = C6F57A5E84206A69716ED320 /* Pods-Peekr.release.xcconfig */;
			buildSettings = {
				ASSETCATALOG_COMPILER_APPICON_NAME = AppIcon;
				CODE_SIGN_STYLE = Automatic;
				DEVELOPMENT_TEAM = 4WBRGV5Z9M;
				INFOPLIST_FILE = Peekr/Info.plist;
				IPHONEOS_DEPLOYMENT_TARGET = 10.0;
				LD_RUNPATH_SEARCH_PATHS = (
					"$(inherited)",
					"@executable_path/Frameworks",
				);
				PRODUCT_BUNDLE_IDENTIFIER = com.nir.Peekr;
				PRODUCT_NAME = "$(TARGET_NAME)";
				SWIFT_VERSION = 4.2;
				TARGETED_DEVICE_FAMILY = "1,2";
			};
			name = Release;
		};
/* End XCBuildConfiguration section */

/* Begin XCConfigurationList section */
		48A22AEB2313887B0006F4AB /* Build configuration list for PBXProject "Peekr" */ = {
			isa = XCConfigurationList;
			buildConfigurations = (
				48A22B002313887C0006F4AB /* Debug */,
				48A22B012313887C0006F4AB /* Release */,
			);
			defaultConfigurationIsVisible = 0;
			defaultConfigurationName = Release;
		};
		48A22B022313887C0006F4AB /* Build configuration list for PBXNativeTarget "Peekr" */ = {
			isa = XCConfigurationList;
			buildConfigurations = (
				48A22B032313887C0006F4AB /* Debug */,
				48A22B042313887C0006F4AB /* Release */,
			);
			defaultConfigurationIsVisible = 0;
			defaultConfigurationName = Release;
		};
/* End XCConfigurationList section */
	};
	rootObject = 48A22AE82313887B0006F4AB /* Project object */;
}
