// !$*UTF8*$!
{
	archiveVersion = 1;
	classes = {
	};
	objectVersion = 50;
	objects = {

/* Begin PBXBuildFile section */
		485BA39C2313CCF900A43130 /* SignUpService.swift in Sources */ = {isa = PBXBuildFile; fileRef = 485BA39B2313CCF900A43130 /* SignUpService.swift */; };
		485BA39E2313CD0700A43130 /* Result.swift in Sources */ = {isa = PBXBuildFile; fileRef = 485BA39D2313CD0700A43130 /* Result.swift */; };
		485BA3A02313CD8A00A43130 /* Either.swift in Sources */ = {isa = PBXBuildFile; fileRef = 485BA39F2313CD8A00A43130 /* Either.swift */; };
		485BA3A22313CDCE00A43130 /* Pair.swift in Sources */ = {isa = PBXBuildFile; fileRef = 485BA3A12313CDCE00A43130 /* Pair.swift */; };
		485BA3A42313CE1300A43130 /* Triple.swift in Sources */ = {isa = PBXBuildFile; fileRef = 485BA3A32313CE1300A43130 /* Triple.swift */; };
		485BA3A62313CF5C00A43130 /* CoreError.swift in Sources */ = {isa = PBXBuildFile; fileRef = 485BA3A52313CF5C00A43130 /* CoreError.swift */; };
		48A22AF42313887B0006F4AB /* AppDelegate.swift in Sources */ = {isa = PBXBuildFile; fileRef = 48A22AF32313887B0006F4AB /* AppDelegate.swift */; };
		48A22AF62313887B0006F4AB /* ViewController.swift in Sources */ = {isa = PBXBuildFile; fileRef = 48A22AF52313887B0006F4AB /* ViewController.swift */; };
		48A22AF92313887B0006F4AB /* Main.storyboard in Resources */ = {isa = PBXBuildFile; fileRef = 48A22AF72313887B0006F4AB /* Main.storyboard */; };
		48A22AFB2313887C0006F4AB /* Assets.xcassets in Resources */ = {isa = PBXBuildFile; fileRef = 48A22AFA2313887C0006F4AB /* Assets.xcassets */; };
		48A22AFE2313887C0006F4AB /* LaunchScreen.storyboard in Resources */ = {isa = PBXBuildFile; fileRef = 48A22AFC2313887C0006F4AB /* LaunchScreen.storyboard */; };
		48BA320D23151653009B2EA6 /* Strings.swift in Sources */ = {isa = PBXBuildFile; fileRef = 48BA320C23151653009B2EA6 /* Strings.swift */; };
		7C38933B3BEBD7524BCA3A23 /* Pods_Peekr.framework in Frameworks */ = {isa = PBXBuildFile; fileRef = 05B02E76514D27ADCE66EAA7 /* Pods_Peekr.framework */; };
/* End PBXBuildFile section */

/* Begin PBXFileReference section */
		05B02E76514D27ADCE66EAA7 /* Pods_Peekr.framework */ = {isa = PBXFileReference; explicitFileType = wrapper.framework; includeInIndex = 0; path = Pods_Peekr.framework; sourceTree = BUILT_PRODUCTS_DIR; };
		1C3528431278CB2B94B8356D /* Pods-Peekr.debug.xcconfig */ = {isa = PBXFileReference; includeInIndex = 1; lastKnownFileType = text.xcconfig; name = "Pods-Peekr.debug.xcconfig"; path = "Target Support Files/Pods-Peekr/Pods-Peekr.debug.xcconfig"; sourceTree = "<group>"; };
		485BA39B2313CCF900A43130 /* SignUpService.swift */ = {isa = PBXFileReference; fileEncoding = 4; lastKnownFileType = sourcecode.swift; path = SignUpService.swift; sourceTree = "<group>"; };
		485BA39D2313CD0700A43130 /* Result.swift */ = {isa = PBXFileReference; lastKnownFileType = sourcecode.swift; path = Result.swift; sourceTree = "<group>"; };
		485BA39F2313CD8A00A43130 /* Either.swift */ = {isa = PBXFileReference; lastKnownFileType = sourcecode.swift; path = Either.swift; sourceTree = "<group>"; };
		485BA3A12313CDCE00A43130 /* Pair.swift */ = {isa = PBXFileReference; lastKnownFileType = sourcecode.swift; path = Pair.swift; sourceTree = "<group>"; };
		485BA3A32313CE1300A43130 /* Triple.swift */ = {isa = PBXFileReference; lastKnownFileType = sourcecode.swift; path = Triple.swift; sourceTree = "<group>"; };
		485BA3A52313CF5C00A43130 /* CoreError.swift */ = {isa = PBXFileReference; lastKnownFileType = sourcecode.swift; path = CoreError.swift; sourceTree = "<group>"; };
		48A22AF02313887B0006F4AB /* Peekr.app */ = {isa = PBXFileReference; explicitFileType = wrapper.application; includeInIndex = 0; path = Peekr.app; sourceTree = BUILT_PRODUCTS_DIR; };
		48A22AF32313887B0006F4AB /* AppDelegate.swift */ = {isa = PBXFileReference; lastKnownFileType = sourcecode.swift; path = AppDelegate.swift; sourceTree = "<group>"; };
		48A22AF52313887B0006F4AB /* ViewController.swift */ = {isa = PBXFileReference; lastKnownFileType = sourcecode.swift; path = ViewController.swift; sourceTree = "<group>"; };
		48A22AF82313887B0006F4AB /* Base */ = {isa = PBXFileReference; lastKnownFileType = file.storyboard; name = Base; path = Base.lproj/Main.storyboard; sourceTree = "<group>"; };
		48A22AFA2313887C0006F4AB /* Assets.xcassets */ = {isa = PBXFileReference; lastKnownFileType = folder.assetcatalog; path = Assets.xcassets; sourceTree = "<group>"; };
		48A22AFD2313887C0006F4AB /* Base */ = {isa = PBXFileReference; lastKnownFileType = file.storyboard; name = Base; path = Base.lproj/LaunchScreen.storyboard; sourceTree = "<group>"; };
		48A22AFF2313887C0006F4AB /* Info.plist */ = {isa = PBXFileReference; lastKnownFileType = text.plist.xml; path = Info.plist; sourceTree = "<group>"; };
		48BA320C23151653009B2EA6 /* Strings.swift */ = {isa = PBXFileReference; lastKnownFileType = sourcecode.swift; path = Strings.swift; sourceTree = "<group>"; };
		C6F57A5E84206A69716ED320 /* Pods-Peekr.release.xcconfig */ = {isa = PBXFileReference; includeInIndex = 1; lastKnownFileType = text.xcconfig; name = "Pods-Peekr.release.xcconfig"; path = "Target Support Files/Pods-Peekr/Pods-Peekr.release.xcconfig"; sourceTree = "<group>"; };
/* End PBXFileReference section */

/* Begin PBXFrameworksBuildPhase section */
		48A22AED2313887B0006F4AB /* Frameworks */ = {
			isa = PBXFrameworksBuildPhase;
			buildActionMask = 2147483647;
			files = (
				7C38933B3BEBD7524BCA3A23 /* Pods_Peekr.framework in Frameworks */,
			);
			runOnlyForDeploymentPostprocessing = 0;
		};
/* End PBXFrameworksBuildPhase section */

/* Begin PBXGroup section */
		485BA3922313C93500A43130 /* Core */ = {
			isa = PBXGroup;
			children = (
				485BA3992313CCF900A43130 /* Models */,
				485BA39A2313CCF900A43130 /* Services */,
			);
			name = Core;
			sourceTree = "<group>";
		};
		485BA3992313CCF900A43130 /* Models */ = {
			isa = PBXGroup;
			children = (
				485BA3A52313CF5C00A43130 /* CoreError.swift */,
				485BA39F2313CD8A00A43130 /* Either.swift */,
				485BA3A12313CDCE00A43130 /* Pair.swift */,
				485BA39D2313CD0700A43130 /* Result.swift */,
				48BA320C23151653009B2EA6 /* Strings.swift */,
				485BA3A32313CE1300A43130 /* Triple.swift */,
			);
			name = Models;
			path = lib/core/src/Models;
			sourceTree = SOURCE_ROOT;
		};
		485BA39A2313CCF900A43130 /* Services */ = {
			isa = PBXGroup;
			children = (
				485BA39B2313CCF900A43130 /* SignUpService.swift */,
			);
			name = Services;
			path = lib/core/src/Services;
			sourceTree = SOURCE_ROOT;
		};
		48A22AE72313887B0006F4AB = {
			isa = PBXGroup;
			children = (
				48A22AF22313887B0006F4AB /* Peekr */,
				48A22AF12313887B0006F4AB /* Products */,
				A49F7B69810D08975DA1A159 /* Pods */,
				53ED121784B8F09CA74DF0B2 /* Frameworks */,
			);
			sourceTree = "<group>";
		};
		48A22AF12313887B0006F4AB /* Products */ = {
			isa = PBXGroup;
			children = (
				48A22AF02313887B0006F4AB /* Peekr.app */,
			);
			name = Products;
			sourceTree = "<group>";
		};
		48A22AF22313887B0006F4AB /* Peekr */ = {
			isa = PBXGroup;
			children = (
				485BA3922313C93500A43130 /* Core */,
				48A22AF32313887B0006F4AB /* AppDelegate.swift */,
				48A22AF52313887B0006F4AB /* ViewController.swift */,
				48A22AF72313887B0006F4AB /* Main.storyboard */,
				48A22AFA2313887C0006F4AB /* Assets.xcassets */,
				48A22AFC2313887C0006F4AB /* LaunchScreen.storyboard */,
				48A22AFF2313887C0006F4AB /* Info.plist */,
			);
			path = Peekr;
			sourceTree = "<group>";
		};
		53ED121784B8F09CA74DF0B2 /* Frameworks */ = {
			isa = PBXGroup;
			children = (
				05B02E76514D27ADCE66EAA7 /* Pods_Peekr.framework */,
			);
			name = Frameworks;
			sourceTree = "<group>";
		};
		A49F7B69810D08975DA1A159 /* Pods */ = {
			isa = PBXGroup;
			children = (
				1C3528431278CB2B94B8356D /* Pods-Peekr.debug.xcconfig */,
				C6F57A5E84206A69716ED320 /* Pods-Peekr.release.xcconfig */,
			);
			path = Pods;
			sourceTree = "<group>";
		};
/* End PBXGroup section */

/* Begin PBXNativeTarget section */
		48A22AEF2313887B0006F4AB /* Peekr */ = {
			isa = PBXNativeTarget;
			buildConfigurationList = 48A22B022313887C0006F4AB /* Build configuration list for PBXNativeTarget "Peekr" */;
			buildPhases = (
				48F638BC2315123600AA8775 /* Lint */,
				AB5E1D2FC2F1BCFD13C12764 /* [CP] Check Pods Manifest.lock */,
				48A22AEC2313887B0006F4AB /* Sources */,
				48A22AED2313887B0006F4AB /* Frameworks */,
				48A22AEE2313887B0006F4AB /* Resources */,
				B08DA6AE0450567E8A0A49E8 /* [CP] Embed Pods Frameworks */,
			);
			buildRules = (
			);
			dependencies = (
			);
			name = Peekr;
			productName = Peekr;
			productReference = 48A22AF02313887B0006F4AB /* Peekr.app */;
			productType = "com.apple.product-type.application";
		};
/* End PBXNativeTarget section */

/* Begin PBXProject section */
		48A22AE82313887B0006F4AB /* Project object */ = {
			isa = PBXProject;
			attributes = {
				LastSwiftUpdateCheck = 1010;
				LastUpgradeCheck = 1010;
				ORGANIZATIONNAME = Nir;
				TargetAttributes = {
					48A22AEF2313887B0006F4AB = {
						CreatedOnToolsVersion = 10.1;
					};
				};
			};
			buildConfigurationList = 48A22AEB2313887B0006F4AB /* Build configuration list for PBXProject "Peekr" */;
			compatibilityVersion = "Xcode 9.3";
			developmentRegion = en;
			hasScannedForEncodings = 0;
			knownRegions = (
				en,
				Base,
			);
			mainGroup = 48A22AE72313887B0006F4AB;
			productRefGroup = 48A22AF12313887B0006F4AB /* Products */;
			projectDirPath = "";
			projectRoot = "";
			targets = (
				48A22AEF2313887B0006F4AB /* Peekr */,
			);
		};
/* End PBXProject section */

/* Begin PBXResourcesBuildPhase section */
		48A22AEE2313887B0006F4AB /* Resources */ = {
			isa = PBXResourcesBuildPhase;
			buildActionMask = 2147483647;
			files = (
				48A22AFE2313887C0006F4AB /* LaunchScreen.storyboard in Resources */,
				48A22AFB2313887C0006F4AB /* Assets.xcassets in Resources */,
				48A22AF92313887B0006F4AB /* Main.storyboard in Resources */,
			);
			runOnlyForDeploymentPostprocessing = 0;
		};
/* End PBXResourcesBuildPhase section */

/* Begin PBXShellScriptBuildPhase section */
		48F638BC2315123600AA8775 /* Lint */ = {
			isa = PBXShellScriptBuildPhase;
			buildActionMask = 2147483647;
			files = (
			);
			inputFileListPaths = (
			);
			inputPaths = (
			);
			name = Lint;
			outputFileListPaths = (
			);
			outputPaths = (
			);
			runOnlyForDeploymentPostprocessing = 0;
			shellPath = /bin/sh;
			shellScript = "exit 0\nif which swiftlint >/dev/null; then\nswiftlint\nelse\necho \"warning: SwiftLint not installed, download from https://github.com/realm/SwiftLint or brew install swiftlint\"\nfi\n";
		};
		AB5E1D2FC2F1BCFD13C12764 /* [CP] Check Pods Manifest.lock */ = {
			isa = PBXShellScriptBuildPhase;
			buildActionMask = 2147483647;
			files = (
			);
			inputFileListPaths = (
			);
			inputPaths = (
				"${PODS_PODFILE_DIR_PATH}/Podfile.lock",
				"${PODS_ROOT}/Manifest.lock",
			);
			name = "[CP] Check Pods Manifest.lock";
			outputFileListPaths = (
			);
			outputPaths = (
				"$(DERIVED_FILE_DIR)/Pods-Peekr-checkManifestLockResult.txt",
			);
			runOnlyForDeploymentPostprocessing = 0;
			shellPath = /bin/sh;
			shellScript = "diff \"${PODS_PODFILE_DIR_PATH}/Podfile.lock\" \"${PODS_ROOT}/Manifest.lock\" > /dev/null\nif [ $? != 0 ] ; then\n    # print error to STDERR\n    echo \"error: The sandbox is not in sync with the Podfile.lock. Run 'pod install' or update your CocoaPods installation.\" >&2\n    exit 1\nfi\n# This output is used by Xcode 'outputs' to avoid re-running this script phase.\necho \"SUCCESS\" > \"${SCRIPT_OUTPUT_FILE_0}\"\n";
			showEnvVarsInLog = 0;
		};
		B08DA6AE0450567E8A0A49E8 /* [CP] Embed Pods Frameworks */ = {
			isa = PBXShellScriptBuildPhase;
			buildActionMask = 2147483647;
			files = (
			);
			inputFileListPaths = (
			);
			inputPaths = (
				"${PODS_ROOT}/Target Support Files/Pods-Peekr/Pods-Peekr-frameworks.sh",
				"${BUILT_PRODUCTS_DIR}/BoringSSL-GRPC/openssl_grpc.framework",
				"${BUILT_PRODUCTS_DIR}/GTMSessionFetcher/GTMSessionFetcher.framework",
				"${BUILT_PRODUCTS_DIR}/GoogleUtilities/GoogleUtilities.framework",
				"${BUILT_PRODUCTS_DIR}/Protobuf/Protobuf.framework",
				"${BUILT_PRODUCTS_DIR}/gRPC-C++/grpcpp.framework",
				"${BUILT_PRODUCTS_DIR}/gRPC-Core/grpc.framework",
				"${BUILT_PRODUCTS_DIR}/leveldb-library/leveldb.framework",
				"${BUILT_PRODUCTS_DIR}/nanopb/nanopb.framework",
			);
			name = "[CP] Embed Pods Frameworks";
			outputFileListPaths = (
			);
			outputPaths = (
				"${TARGET_BUILD_DIR}/${FRAMEWORKS_FOLDER_PATH}/openssl_grpc.framework",
				"${TARGET_BUILD_DIR}/${FRAMEWORKS_FOLDER_PATH}/GTMSessionFetcher.framework",
				"${TARGET_BUILD_DIR}/${FRAMEWORKS_FOLDER_PATH}/GoogleUtilities.framework",
				"${TARGET_BUILD_DIR}/${FRAMEWORKS_FOLDER_PATH}/Protobuf.framework",
				"${TARGET_BUILD_DIR}/${FRAMEWORKS_FOLDER_PATH}/grpcpp.framework",
				"${TARGET_BUILD_DIR}/${FRAMEWORKS_FOLDER_PATH}/grpc.framework",
				"${TARGET_BUILD_DIR}/${FRAMEWORKS_FOLDER_PATH}/leveldb.framework",
				"${TARGET_BUILD_DIR}/${FRAMEWORKS_FOLDER_PATH}/nanopb.framework",
			);
			runOnlyForDeploymentPostprocessing = 0;
			shellPath = /bin/sh;
			shellScript = "\"${PODS_ROOT}/Target Support Files/Pods-Peekr/Pods-Peekr-frameworks.sh\"\n";
			showEnvVarsInLog = 0;
		};
/* End PBXShellScriptBuildPhase section */

/* Begin PBXSourcesBuildPhase section */
		48A22AEC2313887B0006F4AB /* Sources */ = {
			isa = PBXSourcesBuildPhase;
			buildActionMask = 2147483647;
			files = (
				48A22AF62313887B0006F4AB /* ViewController.swift in Sources */,
				48BA320D23151653009B2EA6 /* Strings.swift in Sources */,
				485BA39C2313CCF900A43130 /* SignUpService.swift in Sources */,
				485BA39E2313CD0700A43130 /* Result.swift in Sources */,
				48A22AF42313887B0006F4AB /* AppDelegate.swift in Sources */,
				485BA3A02313CD8A00A43130 /* Either.swift in Sources */,
				485BA3A62313CF5C00A43130 /* CoreError.swift in Sources */,
				485BA3A42313CE1300A43130 /* Triple.swift in Sources */,
				485BA3A22313CDCE00A43130 /* Pair.swift in Sources */,
			);
			runOnlyForDeploymentPostprocessing = 0;
		};
/* End PBXSourcesBuildPhase section */

/* Begin PBXVariantGroup section */
		48A22AF72313887B0006F4AB /* Main.storyboard */ = {
			isa = PBXVariantGroup;
			children = (
				48A22AF82313887B0006F4AB /* Base */,
			);
			name = Main.storyboard;
			sourceTree = "<group>";
		};
		48A22AFC2313887C0006F4AB /* LaunchScreen.storyboard */ = {
			isa = PBXVariantGroup;
			children = (
				48A22AFD2313887C0006F4AB /* Base */,
			);
			name = LaunchScreen.storyboard;
			sourceTree = "<group>";
		};
/* End PBXVariantGroup section */

/* Begin XCBuildConfiguration section */
		48A22B002313887C0006F4AB /* Debug */ = {
			isa = XCBuildConfiguration;
			buildSettings = {
				ALWAYS_SEARCH_USER_PATHS = NO;
				CLANG_ANALYZER_NONNULL = YES;
				CLANG_ANALYZER_NUMBER_OBJECT_CONVERSION = YES_AGGRESSIVE;
				CLANG_CXX_LANGUAGE_STANDARD = "gnu++14";
				CLANG_CXX_LIBRARY = "libc++";
				CLANG_ENABLE_MODULES = YES;
				CLANG_ENABLE_OBJC_ARC = YES;
				CLANG_ENABLE_OBJC_WEAK = YES;
				CLANG_WARN_BLOCK_CAPTURE_AUTORELEASING = YES;
				CLANG_WARN_BOOL_CONVERSION = YES;
				CLANG_WARN_COMMA = YES;
				CLANG_WARN_CONSTANT_CONVERSION = YES;
				CLANG_WARN_DEPRECATED_OBJC_IMPLEMENTATIONS = YES;
				CLANG_WARN_DIRECT_OBJC_ISA_USAGE = YES_ERROR;
				CLANG_WARN_DOCUMENTATION_COMMENTS = YES;
				CLANG_WARN_EMPTY_BODY = YES;
				CLANG_WARN_ENUM_CONVERSION = YES;
				CLANG_WARN_INFINITE_RECURSION = YES;
				CLANG_WARN_INT_CONVERSION = YES;
				CLANG_WARN_NON_LITERAL_NULL_CONVERSION = YES;
				CLANG_WARN_OBJC_IMPLICIT_RETAIN_SELF = YES;
				CLANG_WARN_OBJC_LITERAL_CONVERSION = YES;
				CLANG_WARN_OBJC_ROOT_CLASS = YES_ERROR;
				CLANG_WARN_RANGE_LOOP_ANALYSIS = YES;
				CLANG_WARN_STRICT_PROTOTYPES = YES;
				CLANG_WARN_SUSPICIOUS_MOVE = YES;
				CLANG_WARN_UNGUARDED_AVAILABILITY = YES_AGGRESSIVE;
				CLANG_WARN_UNREACHABLE_CODE = YES;
				CLANG_WARN__DUPLICATE_METHOD_MATCH = YES;
				CODE_SIGN_IDENTITY = "iPhone Developer";
				COPY_PHASE_STRIP = NO;
				DEBUG_INFORMATION_FORMAT = dwarf;
				ENABLE_STRICT_OBJC_MSGSEND = YES;
				ENABLE_TESTABILITY = YES;
				GCC_C_LANGUAGE_STANDARD = gnu11;
				GCC_DYNAMIC_NO_PIC = NO;
				GCC_NO_COMMON_BLOCKS = YES;
				GCC_OPTIMIZATION_LEVEL = 0;
				GCC_PREPROCESSOR_DEFINITIONS = (
					"DEBUG=1",
					"$(inherited)",
				);
				GCC_WARN_64_TO_32_BIT_CONVERSION = YES;
				GCC_WARN_ABOUT_RETURN_TYPE = YES_ERROR;
				GCC_WARN_UNDECLARED_SELECTOR = YES;
				GCC_WARN_UNINITIALIZED_AUTOS = YES_AGGRESSIVE;
				GCC_WARN_UNUSED_FUNCTION = YES;
				GCC_WARN_UNUSED_VARIABLE = YES;
				IPHONEOS_DEPLOYMENT_TARGET = 12.1;
				MTL_ENABLE_DEBUG_INFO = INCLUDE_SOURCE;
				MTL_FAST_MATH = YES;
				ONLY_ACTIVE_ARCH = YES;
				SDKROOT = iphoneos;
				SWIFT_ACTIVE_COMPILATION_CONDITIONS = DEBUG;
				SWIFT_OPTIMIZATION_LEVEL = "-Onone";
			};
			name = Debug;
		};
		48A22B012313887C0006F4AB /* Release */ = {
			isa = XCBuildConfiguration;
			buildSettings = {
				ALWAYS_SEARCH_USER_PATHS = NO;
				CLANG_ANALYZER_NONNULL = YES;
				CLANG_ANALYZER_NUMBER_OBJECT_CONVERSION = YES_AGGRESSIVE;
				CLANG_CXX_LANGUAGE_STANDARD = "gnu++14";
				CLANG_CXX_LIBRARY = "libc++";
				CLANG_ENABLE_MODULES = YES;
				CLANG_ENABLE_OBJC_ARC = YES;
				CLANG_ENABLE_OBJC_WEAK = YES;
				CLANG_WARN_BLOCK_CAPTURE_AUTORELEASING = YES;
				CLANG_WARN_BOOL_CONVERSION = YES;
				CLANG_WARN_COMMA = YES;
				CLANG_WARN_CONSTANT_CONVERSION = YES;
				CLANG_WARN_DEPRECATED_OBJC_IMPLEMENTATIONS = YES;
				CLANG_WARN_DIRECT_OBJC_ISA_USAGE = YES_ERROR;
				CLANG_WARN_DOCUMENTATION_COMMENTS = YES;
				CLANG_WARN_EMPTY_BODY = YES;
				CLANG_WARN_ENUM_CONVERSION = YES;
				CLANG_WARN_INFINITE_RECURSION = YES;
				CLANG_WARN_INT_CONVERSION = YES;
				CLANG_WARN_NON_LITERAL_NULL_CONVERSION = YES;
				CLANG_WARN_OBJC_IMPLICIT_RETAIN_SELF = YES;
				CLANG_WARN_OBJC_LITERAL_CONVERSION = YES;
				CLANG_WARN_OBJC_ROOT_CLASS = YES_ERROR;
				CLANG_WARN_RANGE_LOOP_ANALYSIS = YES;
				CLANG_WARN_STRICT_PROTOTYPES = YES;
				CLANG_WARN_SUSPICIOUS_MOVE = YES;
				CLANG_WARN_UNGUARDED_AVAILABILITY = YES_AGGRESSIVE;
				CLANG_WARN_UNREACHABLE_CODE = YES;
				CLANG_WARN__DUPLICATE_METHOD_MATCH = YES;
				CODE_SIGN_IDENTITY = "iPhone Developer";
				COPY_PHASE_STRIP = NO;
				DEBUG_INFORMATION_FORMAT = "dwarf-with-dsym";
				ENABLE_NS_ASSERTIONS = NO;
				ENABLE_STRICT_OBJC_MSGSEND = YES;
				GCC_C_LANGUAGE_STANDARD = gnu11;
				GCC_NO_COMMON_BLOCKS = YES;
				GCC_WARN_64_TO_32_BIT_CONVERSION = YES;
				GCC_WARN_ABOUT_RETURN_TYPE = YES_ERROR;
				GCC_WARN_UNDECLARED_SELECTOR = YES;
				GCC_WARN_UNINITIALIZED_AUTOS = YES_AGGRESSIVE;
				GCC_WARN_UNUSED_FUNCTION = YES;
				GCC_WARN_UNUSED_VARIABLE = YES;
				IPHONEOS_DEPLOYMENT_TARGET = 12.1;
				MTL_ENABLE_DEBUG_INFO = NO;
				MTL_FAST_MATH = YES;
				SDKROOT = iphoneos;
				SWIFT_COMPILATION_MODE = wholemodule;
				SWIFT_OPTIMIZATION_LEVEL = "-O";
				VALIDATE_PRODUCT = YES;
			};
			name = Release;
		};
		48A22B032313887C0006F4AB /* Debug */ = {
			isa = XCBuildConfiguration;
			baseConfigurationReference = 1C3528431278CB2B94B8356D /* Pods-Peekr.debug.xcconfig */;
			buildSettings = {
				ASSETCATALOG_COMPILER_APPICON_NAME = AppIcon;
				CODE_SIGN_STYLE = Automatic;
				DEVELOPMENT_TEAM = 4WBRGV5Z9M;
				INFOPLIST_FILE = Peekr/Info.plist;
				LD_RUNPATH_SEARCH_PATHS = (
					"$(inherited)",
					"@executable_path/Frameworks",
				);
				PRODUCT_BUNDLE_IDENTIFIER = com.nir.Peekr;
				PRODUCT_NAME = "$(TARGET_NAME)";
				SWIFT_VERSION = 4.2;
				TARGETED_DEVICE_FAMILY = "1,2";
			};
			name = Debug;
		};
		48A22B042313887C0006F4AB /* Release */ = {
			isa = XCBuildConfiguration;
			baseConfigurationReference = C6F57A5E84206A69716ED320 /* Pods-Peekr.release.xcconfig */;
			buildSettings = {
				ASSETCATALOG_COMPILER_APPICON_NAME = AppIcon;
				CODE_SIGN_STYLE = Automatic;
				DEVELOPMENT_TEAM = 4WBRGV5Z9M;
				INFOPLIST_FILE = Peekr/Info.plist;
				LD_RUNPATH_SEARCH_PATHS = (
					"$(inherited)",
					"@executable_path/Frameworks",
				);
				PRODUCT_BUNDLE_IDENTIFIER = com.nir.Peekr;
				PRODUCT_NAME = "$(TARGET_NAME)";
				SWIFT_VERSION = 4.2;
				TARGETED_DEVICE_FAMILY = "1,2";
			};
			name = Release;
		};
/* End XCBuildConfiguration section */

/* Begin XCConfigurationList section */
		48A22AEB2313887B0006F4AB /* Build configuration list for PBXProject "Peekr" */ = {
			isa = XCConfigurationList;
			buildConfigurations = (
				48A22B002313887C0006F4AB /* Debug */,
				48A22B012313887C0006F4AB /* Release */,
			);
			defaultConfigurationIsVisible = 0;
			defaultConfigurationName = Release;
		};
		48A22B022313887C0006F4AB /* Build configuration list for PBXNativeTarget "Peekr" */ = {
			isa = XCConfigurationList;
			buildConfigurations = (
				48A22B032313887C0006F4AB /* Debug */,
				48A22B042313887C0006F4AB /* Release */,
			);
			defaultConfigurationIsVisible = 0;
			defaultConfigurationName = Release;
		};
/* End XCConfigurationList section */
	};
	rootObject = 48A22AE82313887B0006F4AB /* Project object */;
}
